{
  "name": "The Complete Guide 2023",
  "lockfileVersion": 3,
  "requires": true,
  "packages": {
    "": {
      "dependencies": {
        "compact": "^1.0.0",
        "rxjs": "^6.6.7"
      }
    },
    "node_modules/async": {
      "version": "0.1.22",
      "resolved": "https://registry.npmjs.org/async/-/async-0.1.22.tgz",
      "integrity": "sha512-2tEzliJmf5fHNafNwQLJXUasGzQCVctvsNkXmnlELHwypU0p08/rHohYvkqKIjyXpx+0rkrYv6QbhJ+UF4QkBg==",
      "engines": {
        "node": "*"
      }
    },
    "node_modules/compact": {
      "version": "1.0.0",
      "resolved": "https://registry.npmjs.org/compact/-/compact-1.0.0.tgz",
      "integrity": "sha512-BOjtt29uckWpz1XtOtDU24D0jV2jnHvkDZgDhuY+bUYSXbcT87LXky+sZiWVd0tjIU2aEg6swjFrydWgZ1c//w==",
      "dependencies": {
        "async": "~0.1",
        "lodash": "~0.3",
        "mkdirp": "~0.3",
        "uglify-js": "~1.3"
      },
      "engines": {
        "node": ">=0.8"
      }
    },
    "node_modules/lodash": {
      "version": "0.3.2",
      "resolved": "https://registry.npmjs.org/lodash/-/lodash-0.3.2.tgz",
      "integrity": "sha512-v7NeemI3apXsXmkaOvSw5bqHBCH2uvVH1WK1YY0Jgs4QYvRLp0fd+Gs1quMxb8rjI42NhhsaHh2I8fLMuRXH/A==",
      "engines": [
        "node",
        "rhino"
      ]
    },
    "node_modules/mkdirp": {
      "version": "0.3.5",
      "resolved": "https://registry.npmjs.org/mkdirp/-/mkdirp-0.3.5.tgz",
      "integrity": "sha512-8OCq0De/h9ZxseqzCH8Kw/Filf5pF/vMI6+BH7Lu0jXz2pqYCjTAQRolSxRIi+Ax+oCCjlxoJMP0YQ4XlrQNHg==",
      "deprecated": "Legacy versions of mkdirp are no longer supported. Please update to mkdirp 1.x. (Note that the API surface has changed to use Promises in 1.x.)"
    },
    "node_modules/rxjs": {
      "version": "6.6.7",
      "resolved": "https://registry.npmjs.org/rxjs/-/rxjs-6.6.7.tgz",
      "integrity": "sha512-hTdwr+7yYNIT5n4AMYp85KA6yw2Va0FLa3Rguvbpa4W3I5xynaBZo41cM3XM+4Q6fRMj3sBYIR1VAmZMXYJvRQ==",
      "dependencies": {
        "tslib": "^1.9.0"
      },
      "engines": {
        "npm": ">=2.0.0"
      }
    },
    "node_modules/tslib": {
      "version": "1.14.1",
      "resolved": "https://registry.npmjs.org/tslib/-/tslib-1.14.1.tgz",
      "integrity": "sha512-Xni35NKzjgMrwevysHTCArtLDpPvye8zV/0E4EyYn43P7/7qvQwPh9BGkHewbMulVntbigmcT7rdX3BNo9wRJg=="
    },
    "node_modules/uglify-js": {
      "version": "1.3.5",
      "resolved": "https://registry.npmjs.org/uglify-js/-/uglify-js-1.3.5.tgz",
      "integrity": "sha512-YPX1DjKtom8l9XslmPFQnqWzTBkvI4N0pbkzLuPZZ4QTyig0uQqvZz9NgUdfEV+qccJzi7fVcGWdESvRIjWptQ==",
      "bin": {
        "uglifyjs": "bin/uglifyjs"
      }
    }
  }
}
